
Microsoft Visual Studio Solution File, Format Version 12.00
# Visual Studio Version 17
VisualStudioVersion = 17.7.34221.43
MinimumVisualStudioVersion = 10.0.40219.1
Project("{FAE04EC0-301F-11D3-BF4B-00C04F79EFBC}") = "music-project.API", "music-project.API\music-project.API.csproj", "{B5BF8DFE-488C-4A66-8B60-4236F0D8104B}"
EndProject
Global
	GlobalSection(SolutionConfigurationPlatforms) = preSolution
		Debug|Any CPU = Debug|Any CPU
		Release|Any CPU = Release|Any CPU
	EndGlobalSection
	GlobalSection(ProjectConfigurationPlatforms) = postSolution
		{B5BF8DFE-488C-4A66-8B60-4236F0D8104B}.Debug|Any CPU.ActiveCfg = Debug|Any CPU
		{B5BF8DFE-488C-4A66-8B60-4236F0D8104B}.Debug|Any CPU.Build.0 = Debug|Any CPU
		{B5BF8DFE-488C-4A66-8B60-4236F0D8104B}.Release|Any CPU.ActiveCfg = Release|Any CPU
		{B5BF8DFE-488C-4A66-8B60-4236F0D8104B}.Release|Any CPU.Build.0 = Release|Any CPU
	EndGlobalSection
	GlobalSection(SolutionProperties) = preSolution
		HideSolutionNode = FALSE
	EndGlobalSection
	GlobalSection(ExtensibilityGlobals) = postSolution
		SolutionGuid = {C609A7D4-0AEC-4945-8E1E-5962AA9E414F}
	EndGlobalSection
EndGlobal
